
Microsoft Visual Studio Solution File, Format Version 12.00
# Visual Studio Version 17
VisualStudioVersion = 17.8.34309.116
MinimumVisualStudioVersion = 10.0.40219.1
Project("{9A19103F-16F7-4668-BE54-9A1E7A4F7556}") = "control-asistencia-savin", "control-asistencia-savin\control-asistencia-savin.csproj", "{3DDF39C8-CB61-4AAF-A793-383073100B50}"
EndProject
Project("{54435603-DBB4-11D2-8724-00A0C9A8B90C}") = "savin", "savin\savin.vdproj", "{A2954057-9379-426B-B177-586578346559}"
EndProject
Global
	GlobalSection(SolutionConfigurationPlatforms) = preSolution
		Debug|Any CPU = Debug|Any CPU
		Debug|x64 = Debug|x64
		Debug|x86 = Debug|x86
		Release|Any CPU = Release|Any CPU
		Release|x64 = Release|x64
		Release|x86 = Release|x86
	EndGlobalSection
	GlobalSection(ProjectConfigurationPlatforms) = postSolution
		{3DDF39C8-CB61-4AAF-A793-383073100B50}.Debug|Any CPU.ActiveCfg = Release|Any CPU
		{3DDF39C8-CB61-4AAF-A793-383073100B50}.Debug|Any CPU.Build.0 = Release|Any CPU
		{3DDF39C8-CB61-4AAF-A793-383073100B50}.Debug|x64.ActiveCfg = Release|x64
		{3DDF39C8-CB61-4AAF-A793-383073100B50}.Debug|x64.Build.0 = Release|x64
		{3DDF39C8-CB61-4AAF-A793-383073100B50}.Debug|x86.ActiveCfg = Release|x86
		{3DDF39C8-CB61-4AAF-A793-383073100B50}.Debug|x86.Build.0 = Release|x86
		{3DDF39C8-CB61-4AAF-A793-383073100B50}.Release|Any CPU.ActiveCfg = Release|x64
		{3DDF39C8-CB61-4AAF-A793-383073100B50}.Release|Any CPU.Build.0 = Release|x64
		{3DDF39C8-CB61-4AAF-A793-383073100B50}.Release|x64.ActiveCfg = Release|x64
		{3DDF39C8-CB61-4AAF-A793-383073100B50}.Release|x64.Build.0 = Release|x64
		{3DDF39C8-CB61-4AAF-A793-383073100B50}.Release|x86.ActiveCfg = Release|x86
		{3DDF39C8-CB61-4AAF-A793-383073100B50}.Release|x86.Build.0 = Release|x86
		{A2954057-9379-426B-B177-586578346559}.Debug|Any CPU.ActiveCfg = Release
		{A2954057-9379-426B-B177-586578346559}.Debug|x64.ActiveCfg = Debug
		{A2954057-9379-426B-B177-586578346559}.Debug|x86.ActiveCfg = Release
		{A2954057-9379-426B-B177-586578346559}.Debug|x86.Build.0 = Release
		{A2954057-9379-426B-B177-586578346559}.Release|Any CPU.ActiveCfg = Release
		{A2954057-9379-426B-B177-586578346559}.Release|x64.ActiveCfg = Release
		{A2954057-9379-426B-B177-586578346559}.Release|x86.ActiveCfg = Release
		{A2954057-9379-426B-B177-586578346559}.Release|x86.Build.0 = Release
	EndGlobalSection
	GlobalSection(SolutionProperties) = preSolution
		HideSolutionNode = FALSE
	EndGlobalSection
	GlobalSection(ExtensibilityGlobals) = postSolution
		SolutionGuid = {2D8770DE-5BC0-46C5-8DD2-CF9A2AAE32C3}
	EndGlobalSection
EndGlobal
